// !$*UTF8*$!
{
	archiveVersion = 1;
	classes = {
	};
	objectVersion = 50;
	objects = {

/* Begin PBXBuildFile section */
		84A5FDE82438487C00DD237E /* AppDelegate.swift in Sources */ = {isa = PBXBuildFile; fileRef = 84A5FDE72438487C00DD237E /* AppDelegate.swift */; };
		84A5FDEA2438487C00DD237E /* SceneDelegate.swift in Sources */ = {isa = PBXBuildFile; fileRef = 84A5FDE92438487C00DD237E /* SceneDelegate.swift */; };
		84A5FDEC2438487C00DD237E /* ViewController.swift in Sources */ = {isa = PBXBuildFile; fileRef = 84A5FDEB2438487C00DD237E /* ViewController.swift */; };
		84A5FDEF2438487C00DD237E /* Main.storyboard in Resources */ = {isa = PBXBuildFile; fileRef = 84A5FDED2438487C00DD237E /* Main.storyboard */; };
		84A5FDF12438487D00DD237E /* Assets.xcassets in Resources */ = {isa = PBXBuildFile; fileRef = 84A5FDF02438487D00DD237E /* Assets.xcassets */; };
		84A5FDF42438487D00DD237E /* LaunchScreen.storyboard in Resources */ = {isa = PBXBuildFile; fileRef = 84A5FDF22438487D00DD237E /* LaunchScreen.storyboard */; };
		84A5FDFF2438487D00DD237E /* MLBStatsAppTests.swift in Sources */ = {isa = PBXBuildFile; fileRef = 84A5FDFE2438487D00DD237E /* MLBStatsAppTests.swift */; };
		84A5FE0A2438487E00DD237E /* MLBStatsAppUITests.swift in Sources */ = {isa = PBXBuildFile; fileRef = 84A5FE092438487E00DD237E /* MLBStatsAppUITests.swift */; };
/* End PBXBuildFile section */

/* Begin PBXContainerItemProxy section */
		84A5FDFB2438487D00DD237E /* PBXContainerItemProxy */ = {
			isa = PBXContainerItemProxy;
			containerPortal = 84A5FDDC2438487C00DD237E /* Project object */;
			proxyType = 1;
			remoteGlobalIDString = 84A5FDE32438487C00DD237E;
			remoteInfo = MLBStatsApp;
		};
		84A5FE062438487E00DD237E /* PBXContainerItemProxy */ = {
			isa = PBXContainerItemProxy;
			containerPortal = 84A5FDDC2438487C00DD237E /* Project object */;
			proxyType = 1;
			remoteGlobalIDString = 84A5FDE32438487C00DD237E;
			remoteInfo = MLBStatsApp;
		};
/* End PBXContainerItemProxy section */

/* Begin PBXFileReference section */
		84A5FDE42438487C00DD237E /* MLBStatsApp.app */ = {isa = PBXFileReference; explicitFileType = wrapper.application; includeInIndex = 0; path = MLBStatsApp.app; sourceTree = BUILT_PRODUCTS_DIR; };
		84A5FDE72438487C00DD237E /* AppDelegate.swift */ = {isa = PBXFileReference; lastKnownFileType = sourcecode.swift; path = AppDelegate.swift; sourceTree = "<group>"; };
		84A5FDE92438487C00DD237E /* SceneDelegate.swift */ = {isa = PBXFileReference; lastKnownFileType = sourcecode.swift; path = SceneDelegate.swift; sourceTree = "<group>"; };
		84A5FDEB2438487C00DD237E /* ViewController.swift */ = {isa = PBXFileReference; lastKnownFileType = sourcecode.swift; path = ViewController.swift; sourceTree = "<group>"; };
		84A5FDEE2438487C00DD237E /* Base */ = {isa = PBXFileReference; lastKnownFileType = file.storyboard; name = Base; path = Base.lproj/Main.storyboard; sourceTree = "<group>"; };
		84A5FDF02438487D00DD237E /* Assets.xcassets */ = {isa = PBXFileReference; lastKnownFileType = folder.assetcatalog; path = Assets.xcassets; sourceTree = "<group>"; };
		84A5FDF32438487D00DD237E /* Base */ = {isa = PBXFileReference; lastKnownFileType = file.storyboard; name = Base; path = Base.lproj/LaunchScreen.storyboard; sourceTree = "<group>"; };
		84A5FDF52438487D00DD237E /* Info.plist */ = {isa = PBXFileReference; lastKnownFileType = text.plist.xml; path = Info.plist; sourceTree = "<group>"; };
		84A5FDFA2438487D00DD237E /* MLBStatsAppTests.xctest */ = {isa = PBXFileReference; explicitFileType = wrapper.cfbundle; includeInIndex = 0; path = MLBStatsAppTests.xctest; sourceTree = BUILT_PRODUCTS_DIR; };
		84A5FDFE2438487D00DD237E /* MLBStatsAppTests.swift */ = {isa = PBXFileReference; lastKnownFileType = sourcecode.swift; path = MLBStatsAppTests.swift; sourceTree = "<group>"; };
		84A5FE002438487D00DD237E /* Info.plist */ = {isa = PBXFileReference; lastKnownFileType = text.plist.xml; path = Info.plist; sourceTree = "<group>"; };
		84A5FE052438487E00DD237E /* MLBStatsAppUITests.xctest */ = {isa = PBXFileReference; explicitFileType = wrapper.cfbundle; includeInIndex = 0; path = MLBStatsAppUITests.xctest; sourceTree = BUILT_PRODUCTS_DIR; };
		84A5FE092438487E00DD237E /* MLBStatsAppUITests.swift */ = {isa = PBXFileReference; lastKnownFileType = sourcecode.swift; path = MLBStatsAppUITests.swift; sourceTree = "<group>"; };
		84A5FE0B2438487E00DD237E /* Info.plist */ = {isa = PBXFileReference; lastKnownFileType = text.plist.xml; path = Info.plist; sourceTree = "<group>"; };
/* End PBXFileReference section */

/* Begin PBXFrameworksBuildPhase section */
		84A5FDE12438487C00DD237E /* Frameworks */ = {
			isa = PBXFrameworksBuildPhase;
			buildActionMask = 2147483647;
			files = (
			);
			runOnlyForDeploymentPostprocessing = 0;
		};
		84A5FDF72438487D00DD237E /* Frameworks */ = {
			isa = PBXFrameworksBuildPhase;
			buildActionMask = 2147483647;
			files = (
			);
			runOnlyForDeploymentPostprocessing = 0;
		};
		84A5FE022438487E00DD237E /* Frameworks */ = {
			isa = PBXFrameworksBuildPhase;
			buildActionMask = 2147483647;
			files = (
			);
			runOnlyForDeploymentPostprocessing = 0;
		};
/* End PBXFrameworksBuildPhase section */

/* Begin PBXGroup section */
		84A5FDDB2438487C00DD237E = {
			isa = PBXGroup;
			children = (
				84A5FDE62438487C00DD237E /* MLBStatsApp */,
				84A5FDFD2438487D00DD237E /* MLBStatsAppTests */,
				84A5FE082438487E00DD237E /* MLBStatsAppUITests */,
				84A5FDE52438487C00DD237E /* Products */,
			);
			sourceTree = "<group>";
		};
		84A5FDE52438487C00DD237E /* Products */ = {
			isa = PBXGroup;
			children = (
				84A5FDE42438487C00DD237E /* MLBStatsApp.app */,
				84A5FDFA2438487D00DD237E /* MLBStatsAppTests.xctest */,
				84A5FE052438487E00DD237E /* MLBStatsAppUITests.xctest */,
			);
			name = Products;
			sourceTree = "<group>";
		};
		84A5FDE62438487C00DD237E /* MLBStatsApp */ = {
			isa = PBXGroup;
			children = (
				84A5FDE72438487C00DD237E /* AppDelegate.swift */,
				84A5FDE92438487C00DD237E /* SceneDelegate.swift */,
				84A5FDEB2438487C00DD237E /* ViewController.swift */,
				84A5FDED2438487C00DD237E /* Main.storyboard */,
				84A5FDF02438487D00DD237E /* Assets.xcassets */,
				84A5FDF22438487D00DD237E /* LaunchScreen.storyboard */,
				84A5FDF52438487D00DD237E /* Info.plist */,
			);
			path = MLBStatsApp;
			sourceTree = "<group>";
		};
		84A5FDFD2438487D00DD237E /* MLBStatsAppTests */ = {
			isa = PBXGroup;
			children = (
				84A5FDFE2438487D00DD237E /* MLBStatsAppTests.swift */,
				84A5FE002438487D00DD237E /* Info.plist */,
			);
			path = MLBStatsAppTests;
			sourceTree = "<group>";
		};
		84A5FE082438487E00DD237E /* MLBStatsAppUITests */ = {
			isa = PBXGroup;
			children = (
				84A5FE092438487E00DD237E /* MLBStatsAppUITests.swift */,
				84A5FE0B2438487E00DD237E /* Info.plist */,
			);
			path = MLBStatsAppUITests;
			sourceTree = "<group>";
		};
/* End PBXGroup section */

/* Begin PBXNativeTarget section */
		84A5FDE32438487C00DD237E /* MLBStatsApp */ = {
			isa = PBXNativeTarget;
			buildConfigurationList = 84A5FE0E2438487E00DD237E /* Build configuration list for PBXNativeTarget "MLBStatsApp" */;
			buildPhases = (
				84A5FDE02438487C00DD237E /* Sources */,
				84A5FDE12438487C00DD237E /* Frameworks */,
				84A5FDE22438487C00DD237E /* Resources */,
			);
			buildRules = (
			);
			dependencies = (
			);
			name = MLBStatsApp;
			productName = MLBStatsApp;
			productReference = 84A5FDE42438487C00DD237E /* MLBStatsApp.app */;
			productType = "com.apple.product-type.application";
		};
		84A5FDF92438487D00DD237E /* MLBStatsAppTests */ = {
			isa = PBXNativeTarget;
			buildConfigurationList = 84A5FE112438487E00DD237E /* Build configuration list for PBXNativeTarget "MLBStatsAppTests" */;
			buildPhases = (
				84A5FDF62438487D00DD237E /* Sources */,
				84A5FDF72438487D00DD237E /* Frameworks */,
				84A5FDF82438487D00DD237E /* Resources */,
			);
			buildRules = (
			);
			dependencies = (
				84A5FDFC2438487D00DD237E /* PBXTargetDependency */,
			);
			name = MLBStatsAppTests;
			productName = MLBStatsAppTests;
			productReference = 84A5FDFA2438487D00DD237E /* MLBStatsAppTests.xctest */;
			productType = "com.apple.product-type.bundle.unit-test";
		};
		84A5FE042438487E00DD237E /* MLBStatsAppUITests */ = {
			isa = PBXNativeTarget;
			buildConfigurationList = 84A5FE142438487E00DD237E /* Build configuration list for PBXNativeTarget "MLBStatsAppUITests" */;
			buildPhases = (
				84A5FE012438487E00DD237E /* Sources */,
				84A5FE022438487E00DD237E /* Frameworks */,
				84A5FE032438487E00DD237E /* Resources */,
			);
			buildRules = (
			);
			dependencies = (
				84A5FE072438487E00DD237E /* PBXTargetDependency */,
			);
			name = MLBStatsAppUITests;
			productName = MLBStatsAppUITests;
			productReference = 84A5FE052438487E00DD237E /* MLBStatsAppUITests.xctest */;
			productType = "com.apple.product-type.bundle.ui-testing";
		};
/* End PBXNativeTarget section */

/* Begin PBXProject section */
		84A5FDDC2438487C00DD237E /* Project object */ = {
			isa = PBXProject;
			attributes = {
				LastSwiftUpdateCheck = 1140;
				LastUpgradeCheck = 1140;
				ORGANIZATIONNAME = "Quentin-Fernandez-Maryann-Cortez";
				TargetAttributes = {
					84A5FDE32438487C00DD237E = {
						CreatedOnToolsVersion = 11.4;
					};
					84A5FDF92438487D00DD237E = {
						CreatedOnToolsVersion = 11.4;
						TestTargetID = 84A5FDE32438487C00DD237E;
					};
					84A5FE042438487E00DD237E = {
						CreatedOnToolsVersion = 11.4;
						TestTargetID = 84A5FDE32438487C00DD237E;
					};
				};
			};
			buildConfigurationList = 84A5FDDF2438487C00DD237E /* Build configuration list for PBXProject "MLBStatsApp" */;
			compatibilityVersion = "Xcode 9.3";
			developmentRegion = en;
			hasScannedForEncodings = 0;
			knownRegions = (
				en,
				Base,
			);
			mainGroup = 84A5FDDB2438487C00DD237E;
			productRefGroup = 84A5FDE52438487C00DD237E /* Products */;
			projectDirPath = "";
			projectRoot = "";
			targets = (
				84A5FDE32438487C00DD237E /* MLBStatsApp */,
				84A5FDF92438487D00DD237E /* MLBStatsAppTests */,
				84A5FE042438487E00DD237E /* MLBStatsAppUITests */,
			);
		};
/* End PBXProject section */

/* Begin PBXResourcesBuildPhase section */
		84A5FDE22438487C00DD237E /* Resources */ = {
			isa = PBXResourcesBuildPhase;
			buildActionMask = 2147483647;
			files = (
				84A5FDF42438487D00DD237E /* LaunchScreen.storyboard in Resources */,
				84A5FDF12438487D00DD237E /* Assets.xcassets in Resources */,
				84A5FDEF2438487C00DD237E /* Main.storyboard in Resources */,
			);
			runOnlyForDeploymentPostprocessing = 0;
		};
		84A5FDF82438487D00DD237E /* Resources */ = {
			isa = PBXResourcesBuildPhase;
			buildActionMask = 2147483647;
			files = (
			);
			runOnlyForDeploymentPostprocessing = 0;
		};
		84A5FE032438487E00DD237E /* Resources */ = {
			isa = PBXResourcesBuildPhase;
			buildActionMask = 2147483647;
			files = (
			);
			runOnlyForDeploymentPostprocessing = 0;
		};
/* End PBXResourcesBuildPhase section */

/* Begin PBXSourcesBuildPhase section */
		84A5FDE02438487C00DD237E /* Sources */ = {
			isa = PBXSourcesBuildPhase;
			buildActionMask = 2147483647;
			files = (
				84A5FDEC2438487C00DD237E /* ViewController.swift in Sources */,
				84A5FDE82438487C00DD237E /* AppDelegate.swift in Sources */,
				84A5FDEA2438487C00DD237E /* SceneDelegate.swift in Sources */,
			);
			runOnlyForDeploymentPostprocessing = 0;
		};
		84A5FDF62438487D00DD237E /* Sources */ = {
			isa = PBXSourcesBuildPhase;
			buildActionMask = 2147483647;
			files = (
				84A5FDFF2438487D00DD237E /* MLBStatsAppTests.swift in Sources */,
			);
			runOnlyForDeploymentPostprocessing = 0;
		};
		84A5FE012438487E00DD237E /* Sources */ = {
			isa = PBXSourcesBuildPhase;
			buildActionMask = 2147483647;
			files = (
				84A5FE0A2438487E00DD237E /* MLBStatsAppUITests.swift in Sources */,
			);
			runOnlyForDeploymentPostprocessing = 0;
		};
/* End PBXSourcesBuildPhase section */

/* Begin PBXTargetDependency section */
		84A5FDFC2438487D00DD237E /* PBXTargetDependency */ = {
			isa = PBXTargetDependency;
			target = 84A5FDE32438487C00DD237E /* MLBStatsApp */;
			targetProxy = 84A5FDFB2438487D00DD237E /* PBXContainerItemProxy */;
		};
		84A5FE072438487E00DD237E /* PBXTargetDependency */ = {
			isa = PBXTargetDependency;
			target = 84A5FDE32438487C00DD237E /* MLBStatsApp */;
			targetProxy = 84A5FE062438487E00DD237E /* PBXContainerItemProxy */;
		};
/* End PBXTargetDependency section */

/* Begin PBXVariantGroup section */
		84A5FDED2438487C00DD237E /* Main.storyboard */ = {
			isa = PBXVariantGroup;
			children = (
				84A5FDEE2438487C00DD237E /* Base */,
			);
			name = Main.storyboard;
			sourceTree = "<group>";
		};
		84A5FDF22438487D00DD237E /* LaunchScreen.storyboard */ = {
			isa = PBXVariantGroup;
			children = (
				84A5FDF32438487D00DD237E /* Base */,
			);
			name = LaunchScreen.storyboard;
			sourceTree = "<group>";
		};
/* End PBXVariantGroup section */

/* Begin XCBuildConfiguration section */
		84A5FE0C2438487E00DD237E /* Debug */ = {
			isa = XCBuildConfiguration;
			buildSettings = {
				ALWAYS_SEARCH_USER_PATHS = NO;
				CLANG_ANALYZER_NONNULL = YES;
				CLANG_ANALYZER_NUMBER_OBJECT_CONVERSION = YES_AGGRESSIVE;
				CLANG_CXX_LANGUAGE_STANDARD = "gnu++14";
				CLANG_CXX_LIBRARY = "libc++";
				CLANG_ENABLE_MODULES = YES;
				CLANG_ENABLE_OBJC_ARC = YES;
				CLANG_ENABLE_OBJC_WEAK = YES;
				CLANG_WARN_BLOCK_CAPTURE_AUTORELEASING = YES;
				CLANG_WARN_BOOL_CONVERSION = YES;
				CLANG_WARN_COMMA = YES;
				CLANG_WARN_CONSTANT_CONVERSION = YES;
				CLANG_WARN_DEPRECATED_OBJC_IMPLEMENTATIONS = YES;
				CLANG_WARN_DIRECT_OBJC_ISA_USAGE = YES_ERROR;
				CLANG_WARN_DOCUMENTATION_COMMENTS = YES;
				CLANG_WARN_EMPTY_BODY = YES;
				CLANG_WARN_ENUM_CONVERSION = YES;
				CLANG_WARN_INFINITE_RECURSION = YES;
				CLANG_WARN_INT_CONVERSION = YES;
				CLANG_WARN_NON_LITERAL_NULL_CONVERSION = YES;
				CLANG_WARN_OBJC_IMPLICIT_RETAIN_SELF = YES;
				CLANG_WARN_OBJC_LITERAL_CONVERSION = YES;
				CLANG_WARN_OBJC_ROOT_CLASS = YES_ERROR;
				CLANG_WARN_RANGE_LOOP_ANALYSIS = YES;
				CLANG_WARN_STRICT_PROTOTYPES = YES;
				CLANG_WARN_SUSPICIOUS_MOVE = YES;
				CLANG_WARN_UNGUARDED_AVAILABILITY = YES_AGGRESSIVE;
				CLANG_WARN_UNREACHABLE_CODE = YES;
				CLANG_WARN__DUPLICATE_METHOD_MATCH = YES;
				COPY_PHASE_STRIP = NO;
				DEBUG_INFORMATION_FORMAT = dwarf;
				ENABLE_STRICT_OBJC_MSGSEND = YES;
				ENABLE_TESTABILITY = YES;
				GCC_C_LANGUAGE_STANDARD = gnu11;
				GCC_DYNAMIC_NO_PIC = NO;
				GCC_NO_COMMON_BLOCKS = YES;
				GCC_OPTIMIZATION_LEVEL = 0;
				GCC_PREPROCESSOR_DEFINITIONS = (
					"DEBUG=1",
					"$(inherited)",
				);
				GCC_WARN_64_TO_32_BIT_CONVERSION = YES;
				GCC_WARN_ABOUT_RETURN_TYPE = YES_ERROR;
				GCC_WARN_UNDECLARED_SELECTOR = YES;
				GCC_WARN_UNINITIALIZED_AUTOS = YES_AGGRESSIVE;
				GCC_WARN_UNUSED_FUNCTION = YES;
				GCC_WARN_UNUSED_VARIABLE = YES;
				IPHONEOS_DEPLOYMENT_TARGET = 13.4;
				MTL_ENABLE_DEBUG_INFO = INCLUDE_SOURCE;
				MTL_FAST_MATH = YES;
				ONLY_ACTIVE_ARCH = YES;
				SDKROOT = iphoneos;
				SWIFT_ACTIVE_COMPILATION_CONDITIONS = DEBUG;
				SWIFT_OPTIMIZATION_LEVEL = "-Onone";
			};
			name = Debug;
		};
		84A5FE0D2438487E00DD237E /* Release */ = {
			isa = XCBuildConfiguration;
			buildSettings = {
				ALWAYS_SEARCH_USER_PATHS = NO;
				CLANG_ANALYZER_NONNULL = YES;
				CLANG_ANALYZER_NUMBER_OBJECT_CONVERSION = YES_AGGRESSIVE;
				CLANG_CXX_LANGUAGE_STANDARD = "gnu++14";
				CLANG_CXX_LIBRARY = "libc++";
				CLANG_ENABLE_MODULES = YES;
				CLANG_ENABLE_OBJC_ARC = YES;
				CLANG_ENABLE_OBJC_WEAK = YES;
				CLANG_WARN_BLOCK_CAPTURE_AUTORELEASING = YES;
				CLANG_WARN_BOOL_CONVERSION = YES;
				CLANG_WARN_COMMA = YES;
				CLANG_WARN_CONSTANT_CONVERSION = YES;
				CLANG_WARN_DEPRECATED_OBJC_IMPLEMENTATIONS = YES;
				CLANG_WARN_DIRECT_OBJC_ISA_USAGE = YES_ERROR;
				CLANG_WARN_DOCUMENTATION_COMMENTS = YES;
				CLANG_WARN_EMPTY_BODY = YES;
				CLANG_WARN_ENUM_CONVERSION = YES;
				CLANG_WARN_INFINITE_RECURSION = YES;
				CLANG_WARN_INT_CONVERSION = YES;
				CLANG_WARN_NON_LITERAL_NULL_CONVERSION = YES;
				CLANG_WARN_OBJC_IMPLICIT_RETAIN_SELF = YES;
				CLANG_WARN_OBJC_LITERAL_CONVERSION = YES;
				CLANG_WARN_OBJC_ROOT_CLASS = YES_ERROR;
				CLANG_WARN_RANGE_LOOP_ANALYSIS = YES;
				CLANG_WARN_STRICT_PROTOTYPES = YES;
				CLANG_WARN_SUSPICIOUS_MOVE = YES;
				CLANG_WARN_UNGUARDED_AVAILABILITY = YES_AGGRESSIVE;
				CLANG_WARN_UNREACHABLE_CODE = YES;
				CLANG_WARN__DUPLICATE_METHOD_MATCH = YES;
				COPY_PHASE_STRIP = NO;
				DEBUG_INFORMATION_FORMAT = "dwarf-with-dsym";
				ENABLE_NS_ASSERTIONS = NO;
				ENABLE_STRICT_OBJC_MSGSEND = YES;
				GCC_C_LANGUAGE_STANDARD = gnu11;
				GCC_NO_COMMON_BLOCKS = YES;
				GCC_WARN_64_TO_32_BIT_CONVERSION = YES;
				GCC_WARN_ABOUT_RETURN_TYPE = YES_ERROR;
				GCC_WARN_UNDECLARED_SELECTOR = YES;
				GCC_WARN_UNINITIALIZED_AUTOS = YES_AGGRESSIVE;
				GCC_WARN_UNUSED_FUNCTION = YES;
				GCC_WARN_UNUSED_VARIABLE = YES;
				IPHONEOS_DEPLOYMENT_TARGET = 13.4;
				MTL_ENABLE_DEBUG_INFO = NO;
				MTL_FAST_MATH = YES;
				SDKROOT = iphoneos;
				SWIFT_COMPILATION_MODE = wholemodule;
				SWIFT_OPTIMIZATION_LEVEL = "-O";
				VALIDATE_PRODUCT = YES;
			};
			name = Release;
		};
		84A5FE0F2438487E00DD237E /* Debug */ = {
			isa = XCBuildConfiguration;
			buildSettings = {
				ASSETCATALOG_COMPILER_APPICON_NAME = AppIcon;
				CODE_SIGN_STYLE = Automatic;
				INFOPLIST_FILE = MLBStatsApp/Info.plist;
				LD_RUNPATH_SEARCH_PATHS = (
					"$(inherited)",
					"@executable_path/Frameworks",
				);
				PRODUCT_BUNDLE_IDENTIFIER = "Quentin-Fernandez-Maryann-Cortez.MLBStatsApp";
				PRODUCT_NAME = "$(TARGET_NAME)";
				SWIFT_VERSION = 5.0;
				TARGETED_DEVICE_FAMILY = "1,2";
			};
			name = Debug;
		};
		84A5FE102438487E00DD237E /* Release */ = {
			isa = XCBuildConfiguration;
			buildSettings = {
				ASSETCATALOG_COMPILER_APPICON_NAME = AppIcon;
				CODE_SIGN_STYLE = Automatic;
				INFOPLIST_FILE = MLBStatsApp/Info.plist;
				LD_RUNPATH_SEARCH_PATHS = (
					"$(inherited)",
					"@executable_path/Frameworks",
				);
				PRODUCT_BUNDLE_IDENTIFIER = "Quentin-Fernandez-Maryann-Cortez.MLBStatsApp";
				PRODUCT_NAME = "$(TARGET_NAME)";
				SWIFT_VERSION = 5.0;
				TARGETED_DEVICE_FAMILY = "1,2";
			};
			name = Release;
		};
		84A5FE122438487E00DD237E /* Debug */ = {
			isa = XCBuildConfiguration;
			buildSettings = {
				ALWAYS_EMBED_SWIFT_STANDARD_LIBRARIES = YES;
				BUNDLE_LOADER = "$(TEST_HOST)";
				CODE_SIGN_STYLE = Automatic;
				INFOPLIST_FILE = MLBStatsAppTests/Info.plist;
				IPHONEOS_DEPLOYMENT_TARGET = 13.4;
				LD_RUNPATH_SEARCH_PATHS = (
					"$(inherited)",
					"@executable_path/Frameworks",
					"@loader_path/Frameworks",
				);
				PRODUCT_BUNDLE_IDENTIFIER = "Quentin-Fernandez-Maryann-Cortez.MLBStatsAppTests";
				PRODUCT_NAME = "$(TARGET_NAME)";
				SWIFT_VERSION = 5.0;
				TARGETED_DEVICE_FAMILY = "1,2";
				TEST_HOST = "$(BUILT_PRODUCTS_DIR)/MLBStatsApp.app/MLBStatsApp";
			};
			name = Debug;
		};
		84A5FE132438487E00DD237E /* Release */ = {
			isa = XCBuildConfiguration;
			buildSettings = {
				ALWAYS_EMBED_SWIFT_STANDARD_LIBRARIES = YES;
				BUNDLE_LOADER = "$(TEST_HOST)";
				CODE_SIGN_STYLE = Automatic;
				INFOPLIST_FILE = MLBStatsAppTests/Info.plist;
				IPHONEOS_DEPLOYMENT_TARGET = 13.4;
				LD_RUNPATH_SEARCH_PATHS = (
					"$(inherited)",
					"@executable_path/Frameworks",
					"@loader_path/Frameworks",
				);
				PRODUCT_BUNDLE_IDENTIFIER = "Quentin-Fernandez-Maryann-Cortez.MLBStatsAppTests";
				PRODUCT_NAME = "$(TARGET_NAME)";
				SWIFT_VERSION = 5.0;
				TARGETED_DEVICE_FAMILY = "1,2";
				TEST_HOST = "$(BUILT_PRODUCTS_DIR)/MLBStatsApp.app/MLBStatsApp";
			};
			name = Release;
		};
		84A5FE152438487E00DD237E /* Debug */ = {
			isa = XCBuildConfiguration;
			buildSettings = {
				ALWAYS_EMBED_SWIFT_STANDARD_LIBRARIES = YES;
				CODE_SIGN_STYLE = Automatic;
				INFOPLIST_FILE = MLBStatsAppUITests/Info.plist;
				LD_RUNPATH_SEARCH_PATHS = (
					"$(inherited)",
					"@executable_path/Frameworks",
					"@loader_path/Frameworks",
				);
				PRODUCT_BUNDLE_IDENTIFIER = "Quentin-Fernandez-Maryann-Cortez.MLBStatsAppUITests";
				PRODUCT_NAME = "$(TARGET_NAME)";
				SWIFT_VERSION = 5.0;
				TARGETED_DEVICE_FAMILY = "1,2";
				TEST_TARGET_NAME = MLBStatsApp;
			};
			name = Debug;
		};
		84A5FE162438487E00DD237E /* Release */ = {
			isa = XCBuildConfiguration;
			buildSettings = {
				ALWAYS_EMBED_SWIFT_STANDARD_LIBRARIES = YES;
				CODE_SIGN_STYLE = Automatic;
				INFOPLIST_FILE = MLBStatsAppUITests/Info.plist;
				LD_RUNPATH_SEARCH_PATHS = (
					"$(inherited)",
					"@executable_path/Frameworks",
					"@loader_path/Frameworks",
				);
				PRODUCT_BUNDLE_IDENTIFIER = "Quentin-Fernandez-Maryann-Cortez.MLBStatsAppUITests";
				PRODUCT_NAME = "$(TARGET_NAME)";
				SWIFT_VERSION = 5.0;
				TARGETED_DEVICE_FAMILY = "1,2";
				TEST_TARGET_NAME = MLBStatsApp;
			};
			name = Release;
		};
/* End XCBuildConfiguration section */

/* Begin XCConfigurationList section */
		84A5FDDF2438487C00DD237E /* Build configuration list for PBXProject "MLBStatsApp" */ = {
			isa = XCConfigurationList;
			buildConfigurations = (
				84A5FE0C2438487E00DD237E /* Debug */,
				84A5FE0D2438487E00DD237E /* Release */,
			);
			defaultConfigurationIsVisible = 0;
			defaultConfigurationName = Release;
		};
		84A5FE0E2438487E00DD237E /* Build configuration list for PBXNativeTarget "MLBStatsApp" */ = {
			isa = XCConfigurationList;
			buildConfigurations = (
				84A5FE0F2438487E00DD237E /* Debug */,
				84A5FE102438487E00DD237E /* Release */,
			);
			defaultConfigurationIsVisible = 0;
			defaultConfigurationName = Release;
		};
		84A5FE112438487E00DD237E /* Build configuration list for PBXNativeTarget "MLBStatsAppTests" */ = {
			isa = XCConfigurationList;
			buildConfigurations = (
				84A5FE122438487E00DD237E /* Debug */,
				84A5FE132438487E00DD237E /* Release */,
			);
			defaultConfigurationIsVisible = 0;
			defaultConfigurationName = Release;
		};
		84A5FE142438487E00DD237E /* Build configuration list for PBXNativeTarget "MLBStatsAppUITests" */ = {
			isa = XCConfigurationList;
			buildConfigurations = (
				84A5FE152438487E00DD237E /* Debug */,
				84A5FE162438487E00DD237E /* Release */,
			);
			defaultConfigurationIsVisible = 0;
			defaultConfigurationName = Release;
		};
/* End XCConfigurationList section */
	};
	rootObject = 84A5FDDC2438487C00DD237E /* Project object */;
}
