// !$*UTF8*$!
{
	archiveVersion = 1;
	classes = {
	};
	objectVersion = 50;
	objects = {

/* Begin PBXBuildFile section */
		844D1F3923FB657F00C0769C /* AppDelegate.swift in Sources */ = {isa = PBXBuildFile; fileRef = 844D1F3823FB657F00C0769C /* AppDelegate.swift */; };
		844D1F3B23FB657F00C0769C /* SceneDelegate.swift in Sources */ = {isa = PBXBuildFile; fileRef = 844D1F3A23FB657F00C0769C /* SceneDelegate.swift */; };
		844D1F3D23FB657F00C0769C /* ViewController.swift in Sources */ = {isa = PBXBuildFile; fileRef = 844D1F3C23FB657F00C0769C /* ViewController.swift */; };
		844D1F4023FB657F00C0769C /* Main.storyboard in Resources */ = {isa = PBXBuildFile; fileRef = 844D1F3E23FB657F00C0769C /* Main.storyboard */; };
		844D1F4223FB658000C0769C /* Assets.xcassets in Resources */ = {isa = PBXBuildFile; fileRef = 844D1F4123FB658000C0769C /* Assets.xcassets */; };
		844D1F4523FB658000C0769C /* LaunchScreen.storyboard in Resources */ = {isa = PBXBuildFile; fileRef = 844D1F4323FB658000C0769C /* LaunchScreen.storyboard */; };
		844D1F5023FB658000C0769C /* Baseball_Stats_Storing_AppTests.swift in Sources */ = {isa = PBXBuildFile; fileRef = 844D1F4F23FB658000C0769C /* Baseball_Stats_Storing_AppTests.swift */; };
		844D1F5B23FB658000C0769C /* Baseball_Stats_Storing_AppUITests.swift in Sources */ = {isa = PBXBuildFile; fileRef = 844D1F5A23FB658000C0769C /* Baseball_Stats_Storing_AppUITests.swift */; };
/* End PBXBuildFile section */

/* Begin PBXContainerItemProxy section */
		844D1F4C23FB658000C0769C /* PBXContainerItemProxy */ = {
			isa = PBXContainerItemProxy;
			containerPortal = 844D1F2D23FB657F00C0769C /* Project object */;
			proxyType = 1;
			remoteGlobalIDString = 844D1F3423FB657F00C0769C;
			remoteInfo = "Baseball Stats Storing App";
		};
		844D1F5723FB658000C0769C /* PBXContainerItemProxy */ = {
			isa = PBXContainerItemProxy;
			containerPortal = 844D1F2D23FB657F00C0769C /* Project object */;
			proxyType = 1;
			remoteGlobalIDString = 844D1F3423FB657F00C0769C;
			remoteInfo = "Baseball Stats Storing App";
		};
/* End PBXContainerItemProxy section */

/* Begin PBXFileReference section */
		844D1F3523FB657F00C0769C /* Baseball Stats Storing App.app */ = {isa = PBXFileReference; explicitFileType = wrapper.application; includeInIndex = 0; path = "Baseball Stats Storing App.app"; sourceTree = BUILT_PRODUCTS_DIR; };
		844D1F3823FB657F00C0769C /* AppDelegate.swift */ = {isa = PBXFileReference; lastKnownFileType = sourcecode.swift; path = AppDelegate.swift; sourceTree = "<group>"; };
		844D1F3A23FB657F00C0769C /* SceneDelegate.swift */ = {isa = PBXFileReference; lastKnownFileType = sourcecode.swift; path = SceneDelegate.swift; sourceTree = "<group>"; };
		844D1F3C23FB657F00C0769C /* ViewController.swift */ = {isa = PBXFileReference; lastKnownFileType = sourcecode.swift; path = ViewController.swift; sourceTree = "<group>"; };
		844D1F3F23FB657F00C0769C /* Base */ = {isa = PBXFileReference; lastKnownFileType = file.storyboard; name = Base; path = Base.lproj/Main.storyboard; sourceTree = "<group>"; };
		844D1F4123FB658000C0769C /* Assets.xcassets */ = {isa = PBXFileReference; lastKnownFileType = folder.assetcatalog; path = Assets.xcassets; sourceTree = "<group>"; };
		844D1F4423FB658000C0769C /* Base */ = {isa = PBXFileReference; lastKnownFileType = file.storyboard; name = Base; path = Base.lproj/LaunchScreen.storyboard; sourceTree = "<group>"; };
		844D1F4623FB658000C0769C /* Info.plist */ = {isa = PBXFileReference; lastKnownFileType = text.plist.xml; path = Info.plist; sourceTree = "<group>"; };
		844D1F4B23FB658000C0769C /* Baseball Stats Storing AppTests.xctest */ = {isa = PBXFileReference; explicitFileType = wrapper.cfbundle; includeInIndex = 0; path = "Baseball Stats Storing AppTests.xctest"; sourceTree = BUILT_PRODUCTS_DIR; };
		844D1F4F23FB658000C0769C /* Baseball_Stats_Storing_AppTests.swift */ = {isa = PBXFileReference; lastKnownFileType = sourcecode.swift; path = Baseball_Stats_Storing_AppTests.swift; sourceTree = "<group>"; };
		844D1F5123FB658000C0769C /* Info.plist */ = {isa = PBXFileReference; lastKnownFileType = text.plist.xml; path = Info.plist; sourceTree = "<group>"; };
		844D1F5623FB658000C0769C /* Baseball Stats Storing AppUITests.xctest */ = {isa = PBXFileReference; explicitFileType = wrapper.cfbundle; includeInIndex = 0; path = "Baseball Stats Storing AppUITests.xctest"; sourceTree = BUILT_PRODUCTS_DIR; };
		844D1F5A23FB658000C0769C /* Baseball_Stats_Storing_AppUITests.swift */ = {isa = PBXFileReference; lastKnownFileType = sourcecode.swift; path = Baseball_Stats_Storing_AppUITests.swift; sourceTree = "<group>"; };
		844D1F5C23FB658000C0769C /* Info.plist */ = {isa = PBXFileReference; lastKnownFileType = text.plist.xml; path = Info.plist; sourceTree = "<group>"; };
/* End PBXFileReference section */

/* Begin PBXFrameworksBuildPhase section */
		844D1F3223FB657F00C0769C /* Frameworks */ = {
			isa = PBXFrameworksBuildPhase;
			buildActionMask = 2147483647;
			files = (
			);
			runOnlyForDeploymentPostprocessing = 0;
		};
		844D1F4823FB658000C0769C /* Frameworks */ = {
			isa = PBXFrameworksBuildPhase;
			buildActionMask = 2147483647;
			files = (
			);
			runOnlyForDeploymentPostprocessing = 0;
		};
		844D1F5323FB658000C0769C /* Frameworks */ = {
			isa = PBXFrameworksBuildPhase;
			buildActionMask = 2147483647;
			files = (
			);
			runOnlyForDeploymentPostprocessing = 0;
		};
/* End PBXFrameworksBuildPhase section */

/* Begin PBXGroup section */
		844D1F2C23FB657F00C0769C = {
			isa = PBXGroup;
			children = (
				844D1F3723FB657F00C0769C /* Baseball Stats Storing App */,
				844D1F4E23FB658000C0769C /* Baseball Stats Storing AppTests */,
				844D1F5923FB658000C0769C /* Baseball Stats Storing AppUITests */,
				844D1F3623FB657F00C0769C /* Products */,
			);
			sourceTree = "<group>";
		};
		844D1F3623FB657F00C0769C /* Products */ = {
			isa = PBXGroup;
			children = (
				844D1F3523FB657F00C0769C /* Baseball Stats Storing App.app */,
				844D1F4B23FB658000C0769C /* Baseball Stats Storing AppTests.xctest */,
				844D1F5623FB658000C0769C /* Baseball Stats Storing AppUITests.xctest */,
			);
			name = Products;
			sourceTree = "<group>";
		};
		844D1F3723FB657F00C0769C /* Baseball Stats Storing App */ = {
			isa = PBXGroup;
			children = (
				844D1F3823FB657F00C0769C /* AppDelegate.swift */,
				844D1F3A23FB657F00C0769C /* SceneDelegate.swift */,
				844D1F3C23FB657F00C0769C /* ViewController.swift */,
				844D1F3E23FB657F00C0769C /* Main.storyboard */,
				844D1F4123FB658000C0769C /* Assets.xcassets */,
				844D1F4323FB658000C0769C /* LaunchScreen.storyboard */,
				844D1F4623FB658000C0769C /* Info.plist */,
			);
			path = "Baseball Stats Storing App";
			sourceTree = "<group>";
		};
		844D1F4E23FB658000C0769C /* Baseball Stats Storing AppTests */ = {
			isa = PBXGroup;
			children = (
				844D1F4F23FB658000C0769C /* Baseball_Stats_Storing_AppTests.swift */,
				844D1F5123FB658000C0769C /* Info.plist */,
			);
			path = "Baseball Stats Storing AppTests";
			sourceTree = "<group>";
		};
		844D1F5923FB658000C0769C /* Baseball Stats Storing AppUITests */ = {
			isa = PBXGroup;
			children = (
				844D1F5A23FB658000C0769C /* Baseball_Stats_Storing_AppUITests.swift */,
				844D1F5C23FB658000C0769C /* Info.plist */,
			);
			path = "Baseball Stats Storing AppUITests";
			sourceTree = "<group>";
		};
/* End PBXGroup section */

/* Begin PBXNativeTarget section */
		844D1F3423FB657F00C0769C /* Baseball Stats Storing App */ = {
			isa = PBXNativeTarget;
			buildConfigurationList = 844D1F5F23FB658000C0769C /* Build configuration list for PBXNativeTarget "Baseball Stats Storing App" */;
			buildPhases = (
				844D1F3123FB657F00C0769C /* Sources */,
				844D1F3223FB657F00C0769C /* Frameworks */,
				844D1F3323FB657F00C0769C /* Resources */,
			);
			buildRules = (
			);
			dependencies = (
			);
			name = "Baseball Stats Storing App";
			productName = "Baseball Stats Storing App";
			productReference = 844D1F3523FB657F00C0769C /* Baseball Stats Storing App.app */;
			productType = "com.apple.product-type.application";
		};
		844D1F4A23FB658000C0769C /* Baseball Stats Storing AppTests */ = {
			isa = PBXNativeTarget;
			buildConfigurationList = 844D1F6223FB658000C0769C /* Build configuration list for PBXNativeTarget "Baseball Stats Storing AppTests" */;
			buildPhases = (
				844D1F4723FB658000C0769C /* Sources */,
				844D1F4823FB658000C0769C /* Frameworks */,
				844D1F4923FB658000C0769C /* Resources */,
			);
			buildRules = (
			);
			dependencies = (
				844D1F4D23FB658000C0769C /* PBXTargetDependency */,
			);
			name = "Baseball Stats Storing AppTests";
			productName = "Baseball Stats Storing AppTests";
			productReference = 844D1F4B23FB658000C0769C /* Baseball Stats Storing AppTests.xctest */;
			productType = "com.apple.product-type.bundle.unit-test";
		};
		844D1F5523FB658000C0769C /* Baseball Stats Storing AppUITests */ = {
			isa = PBXNativeTarget;
			buildConfigurationList = 844D1F6523FB658000C0769C /* Build configuration list for PBXNativeTarget "Baseball Stats Storing AppUITests" */;
			buildPhases = (
				844D1F5223FB658000C0769C /* Sources */,
				844D1F5323FB658000C0769C /* Frameworks */,
				844D1F5423FB658000C0769C /* Resources */,
			);
			buildRules = (
			);
			dependencies = (
				844D1F5823FB658000C0769C /* PBXTargetDependency */,
			);
			name = "Baseball Stats Storing AppUITests";
			productName = "Baseball Stats Storing AppUITests";
			productReference = 844D1F5623FB658000C0769C /* Baseball Stats Storing AppUITests.xctest */;
			productType = "com.apple.product-type.bundle.ui-testing";
		};
/* End PBXNativeTarget section */

/* Begin PBXProject section */
		844D1F2D23FB657F00C0769C /* Project object */ = {
			isa = PBXProject;
			attributes = {
				LastSwiftUpdateCheck = 1130;
				LastUpgradeCheck = 1130;
				ORGANIZATIONNAME = "Quentin&Mary";
				TargetAttributes = {
					844D1F3423FB657F00C0769C = {
						CreatedOnToolsVersion = 11.3.1;
					};
					844D1F4A23FB658000C0769C = {
						CreatedOnToolsVersion = 11.3.1;
						TestTargetID = 844D1F3423FB657F00C0769C;
					};
					844D1F5523FB658000C0769C = {
						CreatedOnToolsVersion = 11.3.1;
						TestTargetID = 844D1F3423FB657F00C0769C;
					};
				};
			};
			buildConfigurationList = 844D1F3023FB657F00C0769C /* Build configuration list for PBXProject "Baseball Stats Storing App" */;
			compatibilityVersion = "Xcode 9.3";
			developmentRegion = en;
			hasScannedForEncodings = 0;
			knownRegions = (
				en,
				Base,
			);
			mainGroup = 844D1F2C23FB657F00C0769C;
			productRefGroup = 844D1F3623FB657F00C0769C /* Products */;
			projectDirPath = "";
			projectRoot = "";
			targets = (
				844D1F3423FB657F00C0769C /* Baseball Stats Storing App */,
				844D1F4A23FB658000C0769C /* Baseball Stats Storing AppTests */,
				844D1F5523FB658000C0769C /* Baseball Stats Storing AppUITests */,
			);
		};
/* End PBXProject section */

/* Begin PBXResourcesBuildPhase section */
		844D1F3323FB657F00C0769C /* Resources */ = {
			isa = PBXResourcesBuildPhase;
			buildActionMask = 2147483647;
			files = (
				844D1F4523FB658000C0769C /* LaunchScreen.storyboard in Resources */,
				844D1F4223FB658000C0769C /* Assets.xcassets in Resources */,
				844D1F4023FB657F00C0769C /* Main.storyboard in Resources */,
			);
			runOnlyForDeploymentPostprocessing = 0;
		};
		844D1F4923FB658000C0769C /* Resources */ = {
			isa = PBXResourcesBuildPhase;
			buildActionMask = 2147483647;
			files = (
			);
			runOnlyForDeploymentPostprocessing = 0;
		};
		844D1F5423FB658000C0769C /* Resources */ = {
			isa = PBXResourcesBuildPhase;
			buildActionMask = 2147483647;
			files = (
			);
			runOnlyForDeploymentPostprocessing = 0;
		};
/* End PBXResourcesBuildPhase section */

/* Begin PBXSourcesBuildPhase section */
		844D1F3123FB657F00C0769C /* Sources */ = {
			isa = PBXSourcesBuildPhase;
			buildActionMask = 2147483647;
			files = (
				844D1F3D23FB657F00C0769C /* ViewController.swift in Sources */,
				844D1F3923FB657F00C0769C /* AppDelegate.swift in Sources */,
				844D1F3B23FB657F00C0769C /* SceneDelegate.swift in Sources */,
			);
			runOnlyForDeploymentPostprocessing = 0;
		};
		844D1F4723FB658000C0769C /* Sources */ = {
			isa = PBXSourcesBuildPhase;
			buildActionMask = 2147483647;
			files = (
				844D1F5023FB658000C0769C /* Baseball_Stats_Storing_AppTests.swift in Sources */,
			);
			runOnlyForDeploymentPostprocessing = 0;
		};
		844D1F5223FB658000C0769C /* Sources */ = {
			isa = PBXSourcesBuildPhase;
			buildActionMask = 2147483647;
			files = (
				844D1F5B23FB658000C0769C /* Baseball_Stats_Storing_AppUITests.swift in Sources */,
			);
			runOnlyForDeploymentPostprocessing = 0;
		};
/* End PBXSourcesBuildPhase section */

/* Begin PBXTargetDependency section */
		844D1F4D23FB658000C0769C /* PBXTargetDependency */ = {
			isa = PBXTargetDependency;
			target = 844D1F3423FB657F00C0769C /* Baseball Stats Storing App */;
			targetProxy = 844D1F4C23FB658000C0769C /* PBXContainerItemProxy */;
		};
		844D1F5823FB658000C0769C /* PBXTargetDependency */ = {
			isa = PBXTargetDependency;
			target = 844D1F3423FB657F00C0769C /* Baseball Stats Storing App */;
			targetProxy = 844D1F5723FB658000C0769C /* PBXContainerItemProxy */;
		};
/* End PBXTargetDependency section */

/* Begin PBXVariantGroup section */
		844D1F3E23FB657F00C0769C /* Main.storyboard */ = {
			isa = PBXVariantGroup;
			children = (
				844D1F3F23FB657F00C0769C /* Base */,
			);
			name = Main.storyboard;
			sourceTree = "<group>";
		};
		844D1F4323FB658000C0769C /* LaunchScreen.storyboard */ = {
			isa = PBXVariantGroup;
			children = (
				844D1F4423FB658000C0769C /* Base */,
			);
			name = LaunchScreen.storyboard;
			sourceTree = "<group>";
		};
/* End PBXVariantGroup section */

/* Begin XCBuildConfiguration section */
		844D1F5D23FB658000C0769C /* Debug */ = {
			isa = XCBuildConfiguration;
			buildSettings = {
				ALWAYS_SEARCH_USER_PATHS = NO;
				CLANG_ANALYZER_NONNULL = YES;
				CLANG_ANALYZER_NUMBER_OBJECT_CONVERSION = YES_AGGRESSIVE;
				CLANG_CXX_LANGUAGE_STANDARD = "gnu++14";
				CLANG_CXX_LIBRARY = "libc++";
				CLANG_ENABLE_MODULES = YES;
				CLANG_ENABLE_OBJC_ARC = YES;
				CLANG_ENABLE_OBJC_WEAK = YES;
				CLANG_WARN_BLOCK_CAPTURE_AUTORELEASING = YES;
				CLANG_WARN_BOOL_CONVERSION = YES;
				CLANG_WARN_COMMA = YES;
				CLANG_WARN_CONSTANT_CONVERSION = YES;
				CLANG_WARN_DEPRECATED_OBJC_IMPLEMENTATIONS = YES;
				CLANG_WARN_DIRECT_OBJC_ISA_USAGE = YES_ERROR;
				CLANG_WARN_DOCUMENTATION_COMMENTS = YES;
				CLANG_WARN_EMPTY_BODY = YES;
				CLANG_WARN_ENUM_CONVERSION = YES;
				CLANG_WARN_INFINITE_RECURSION = YES;
				CLANG_WARN_INT_CONVERSION = YES;
				CLANG_WARN_NON_LITERAL_NULL_CONVERSION = YES;
				CLANG_WARN_OBJC_IMPLICIT_RETAIN_SELF = YES;
				CLANG_WARN_OBJC_LITERAL_CONVERSION = YES;
				CLANG_WARN_OBJC_ROOT_CLASS = YES_ERROR;
				CLANG_WARN_RANGE_LOOP_ANALYSIS = YES;
				CLANG_WARN_STRICT_PROTOTYPES = YES;
				CLANG_WARN_SUSPICIOUS_MOVE = YES;
				CLANG_WARN_UNGUARDED_AVAILABILITY = YES_AGGRESSIVE;
				CLANG_WARN_UNREACHABLE_CODE = YES;
				CLANG_WARN__DUPLICATE_METHOD_MATCH = YES;
				COPY_PHASE_STRIP = NO;
				DEBUG_INFORMATION_FORMAT = dwarf;
				ENABLE_STRICT_OBJC_MSGSEND = YES;
				ENABLE_TESTABILITY = YES;
				GCC_C_LANGUAGE_STANDARD = gnu11;
				GCC_DYNAMIC_NO_PIC = NO;
				GCC_NO_COMMON_BLOCKS = YES;
				GCC_OPTIMIZATION_LEVEL = 0;
				GCC_PREPROCESSOR_DEFINITIONS = (
					"DEBUG=1",
					"$(inherited)",
				);
				GCC_WARN_64_TO_32_BIT_CONVERSION = YES;
				GCC_WARN_ABOUT_RETURN_TYPE = YES_ERROR;
				GCC_WARN_UNDECLARED_SELECTOR = YES;
				GCC_WARN_UNINITIALIZED_AUTOS = YES_AGGRESSIVE;
				GCC_WARN_UNUSED_FUNCTION = YES;
				GCC_WARN_UNUSED_VARIABLE = YES;
				IPHONEOS_DEPLOYMENT_TARGET = 13.2;
				MTL_ENABLE_DEBUG_INFO = INCLUDE_SOURCE;
				MTL_FAST_MATH = YES;
				ONLY_ACTIVE_ARCH = YES;
				SDKROOT = iphoneos;
				SWIFT_ACTIVE_COMPILATION_CONDITIONS = DEBUG;
				SWIFT_OPTIMIZATION_LEVEL = "-Onone";
			};
			name = Debug;
		};
		844D1F5E23FB658000C0769C /* Release */ = {
			isa = XCBuildConfiguration;
			buildSettings = {
				ALWAYS_SEARCH_USER_PATHS = NO;
				CLANG_ANALYZER_NONNULL = YES;
				CLANG_ANALYZER_NUMBER_OBJECT_CONVERSION = YES_AGGRESSIVE;
				CLANG_CXX_LANGUAGE_STANDARD = "gnu++14";
				CLANG_CXX_LIBRARY = "libc++";
				CLANG_ENABLE_MODULES = YES;
				CLANG_ENABLE_OBJC_ARC = YES;
				CLANG_ENABLE_OBJC_WEAK = YES;
				CLANG_WARN_BLOCK_CAPTURE_AUTORELEASING = YES;
				CLANG_WARN_BOOL_CONVERSION = YES;
				CLANG_WARN_COMMA = YES;
				CLANG_WARN_CONSTANT_CONVERSION = YES;
				CLANG_WARN_DEPRECATED_OBJC_IMPLEMENTATIONS = YES;
				CLANG_WARN_DIRECT_OBJC_ISA_USAGE = YES_ERROR;
				CLANG_WARN_DOCUMENTATION_COMMENTS = YES;
				CLANG_WARN_EMPTY_BODY = YES;
				CLANG_WARN_ENUM_CONVERSION = YES;
				CLANG_WARN_INFINITE_RECURSION = YES;
				CLANG_WARN_INT_CONVERSION = YES;
				CLANG_WARN_NON_LITERAL_NULL_CONVERSION = YES;
				CLANG_WARN_OBJC_IMPLICIT_RETAIN_SELF = YES;
				CLANG_WARN_OBJC_LITERAL_CONVERSION = YES;
				CLANG_WARN_OBJC_ROOT_CLASS = YES_ERROR;
				CLANG_WARN_RANGE_LOOP_ANALYSIS = YES;
				CLANG_WARN_STRICT_PROTOTYPES = YES;
				CLANG_WARN_SUSPICIOUS_MOVE = YES;
				CLANG_WARN_UNGUARDED_AVAILABILITY = YES_AGGRESSIVE;
				CLANG_WARN_UNREACHABLE_CODE = YES;
				CLANG_WARN__DUPLICATE_METHOD_MATCH = YES;
				COPY_PHASE_STRIP = NO;
				DEBUG_INFORMATION_FORMAT = "dwarf-with-dsym";
				ENABLE_NS_ASSERTIONS = NO;
				ENABLE_STRICT_OBJC_MSGSEND = YES;
				GCC_C_LANGUAGE_STANDARD = gnu11;
				GCC_NO_COMMON_BLOCKS = YES;
				GCC_WARN_64_TO_32_BIT_CONVERSION = YES;
				GCC_WARN_ABOUT_RETURN_TYPE = YES_ERROR;
				GCC_WARN_UNDECLARED_SELECTOR = YES;
				GCC_WARN_UNINITIALIZED_AUTOS = YES_AGGRESSIVE;
				GCC_WARN_UNUSED_FUNCTION = YES;
				GCC_WARN_UNUSED_VARIABLE = YES;
				IPHONEOS_DEPLOYMENT_TARGET = 13.2;
				MTL_ENABLE_DEBUG_INFO = NO;
				MTL_FAST_MATH = YES;
				SDKROOT = iphoneos;
				SWIFT_COMPILATION_MODE = wholemodule;
				SWIFT_OPTIMIZATION_LEVEL = "-O";
				VALIDATE_PRODUCT = YES;
			};
			name = Release;
		};
		844D1F6023FB658000C0769C /* Debug */ = {
			isa = XCBuildConfiguration;
			buildSettings = {
				ASSETCATALOG_COMPILER_APPICON_NAME = AppIcon;
				CODE_SIGN_STYLE = Automatic;
				INFOPLIST_FILE = "Baseball Stats Storing App/Info.plist";
				LD_RUNPATH_SEARCH_PATHS = (
					"$(inherited)",
					"@executable_path/Frameworks",
				);
				PRODUCT_BUNDLE_IDENTIFIER = "qfernandez-marcortez.Baseball-Stats-Storing-App";
				PRODUCT_NAME = "$(TARGET_NAME)";
				SWIFT_VERSION = 5.0;
				TARGETED_DEVICE_FAMILY = "1,2";
			};
			name = Debug;
		};
		844D1F6123FB658000C0769C /* Release */ = {
			isa = XCBuildConfiguration;
			buildSettings = {
				ASSETCATALOG_COMPILER_APPICON_NAME = AppIcon;
				CODE_SIGN_STYLE = Automatic;
				INFOPLIST_FILE = "Baseball Stats Storing App/Info.plist";
				LD_RUNPATH_SEARCH_PATHS = (
					"$(inherited)",
					"@executable_path/Frameworks",
				);
				PRODUCT_BUNDLE_IDENTIFIER = "qfernandez-marcortez.Baseball-Stats-Storing-App";
				PRODUCT_NAME = "$(TARGET_NAME)";
				SWIFT_VERSION = 5.0;
				TARGETED_DEVICE_FAMILY = "1,2";
			};
			name = Release;
		};
		844D1F6323FB658000C0769C /* Debug */ = {
			isa = XCBuildConfiguration;
			buildSettings = {
				ALWAYS_EMBED_SWIFT_STANDARD_LIBRARIES = YES;
				BUNDLE_LOADER = "$(TEST_HOST)";
				CODE_SIGN_STYLE = Automatic;
				INFOPLIST_FILE = "Baseball Stats Storing AppTests/Info.plist";
				IPHONEOS_DEPLOYMENT_TARGET = 13.2;
				LD_RUNPATH_SEARCH_PATHS = (
					"$(inherited)",
					"@executable_path/Frameworks",
					"@loader_path/Frameworks",
				);
				PRODUCT_BUNDLE_IDENTIFIER = "qfernandez-marcortez.Baseball-Stats-Storing-AppTests";
				PRODUCT_NAME = "$(TARGET_NAME)";
				SWIFT_VERSION = 5.0;
				TARGETED_DEVICE_FAMILY = "1,2";
				TEST_HOST = "$(BUILT_PRODUCTS_DIR)/Baseball Stats Storing App.app/Baseball Stats Storing App";
			};
			name = Debug;
		};
		844D1F6423FB658000C0769C /* Release */ = {
			isa = XCBuildConfiguration;
			buildSettings = {
				ALWAYS_EMBED_SWIFT_STANDARD_LIBRARIES = YES;
				BUNDLE_LOADER = "$(TEST_HOST)";
				CODE_SIGN_STYLE = Automatic;
				INFOPLIST_FILE = "Baseball Stats Storing AppTests/Info.plist";
				IPHONEOS_DEPLOYMENT_TARGET = 13.2;
				LD_RUNPATH_SEARCH_PATHS = (
					"$(inherited)",
					"@executable_path/Frameworks",
					"@loader_path/Frameworks",
				);
				PRODUCT_BUNDLE_IDENTIFIER = "qfernandez-marcortez.Baseball-Stats-Storing-AppTests";
				PRODUCT_NAME = "$(TARGET_NAME)";
				SWIFT_VERSION = 5.0;
				TARGETED_DEVICE_FAMILY = "1,2";
				TEST_HOST = "$(BUILT_PRODUCTS_DIR)/Baseball Stats Storing App.app/Baseball Stats Storing App";
			};
			name = Release;
		};
		844D1F6623FB658000C0769C /* Debug */ = {
			isa = XCBuildConfiguration;
			buildSettings = {
				ALWAYS_EMBED_SWIFT_STANDARD_LIBRARIES = YES;
				CODE_SIGN_STYLE = Automatic;
				INFOPLIST_FILE = "Baseball Stats Storing AppUITests/Info.plist";
				LD_RUNPATH_SEARCH_PATHS = (
					"$(inherited)",
					"@executable_path/Frameworks",
					"@loader_path/Frameworks",
				);
				PRODUCT_BUNDLE_IDENTIFIER = "qfernandez-marcortez.Baseball-Stats-Storing-AppUITests";
				PRODUCT_NAME = "$(TARGET_NAME)";
				SWIFT_VERSION = 5.0;
				TARGETED_DEVICE_FAMILY = "1,2";
				TEST_TARGET_NAME = "Baseball Stats Storing App";
			};
			name = Debug;
		};
		844D1F6723FB658000C0769C /* Release */ = {
			isa = XCBuildConfiguration;
			buildSettings = {
				ALWAYS_EMBED_SWIFT_STANDARD_LIBRARIES = YES;
				CODE_SIGN_STYLE = Automatic;
				INFOPLIST_FILE = "Baseball Stats Storing AppUITests/Info.plist";
				LD_RUNPATH_SEARCH_PATHS = (
					"$(inherited)",
					"@executable_path/Frameworks",
					"@loader_path/Frameworks",
				);
				PRODUCT_BUNDLE_IDENTIFIER = "qfernandez-marcortez.Baseball-Stats-Storing-AppUITests";
				PRODUCT_NAME = "$(TARGET_NAME)";
				SWIFT_VERSION = 5.0;
				TARGETED_DEVICE_FAMILY = "1,2";
				TEST_TARGET_NAME = "Baseball Stats Storing App";
			};
			name = Release;
		};
/* End XCBuildConfiguration section */

/* Begin XCConfigurationList section */
		844D1F3023FB657F00C0769C /* Build configuration list for PBXProject "Baseball Stats Storing App" */ = {
			isa = XCConfigurationList;
			buildConfigurations = (
				844D1F5D23FB658000C0769C /* Debug */,
				844D1F5E23FB658000C0769C /* Release */,
			);
			defaultConfigurationIsVisible = 0;
			defaultConfigurationName = Release;
		};
		844D1F5F23FB658000C0769C /* Build configuration list for PBXNativeTarget "Baseball Stats Storing App" */ = {
			isa = XCConfigurationList;
			buildConfigurations = (
				844D1F6023FB658000C0769C /* Debug */,
				844D1F6123FB658000C0769C /* Release */,
			);
			defaultConfigurationIsVisible = 0;
			defaultConfigurationName = Release;
		};
		844D1F6223FB658000C0769C /* Build configuration list for PBXNativeTarget "Baseball Stats Storing AppTests" */ = {
			isa = XCConfigurationList;
			buildConfigurations = (
				844D1F6323FB658000C0769C /* Debug */,
				844D1F6423FB658000C0769C /* Release */,
			);
			defaultConfigurationIsVisible = 0;
			defaultConfigurationName = Release;
		};
		844D1F6523FB658000C0769C /* Build configuration list for PBXNativeTarget "Baseball Stats Storing AppUITests" */ = {
			isa = XCConfigurationList;
			buildConfigurations = (
				844D1F6623FB658000C0769C /* Debug */,
				844D1F6723FB658000C0769C /* Release */,
			);
			defaultConfigurationIsVisible = 0;
			defaultConfigurationName = Release;
		};
/* End XCConfigurationList section */
	};
	rootObject = 844D1F2D23FB657F00C0769C /* Project object */;
}
